
Microsoft Visual Studio Solution File, Format Version 12.00
# Visual Studio Version 17
VisualStudioVersion = 17.3.32922.545
MinimumVisualStudioVersion = 10.0.40219.1
Project("{9A19103F-16F7-4668-BE54-9A1E7A4F7556}") = "Venn", "Venn.csproj", "{3E915F0F-521E-40D5-A441-9BD243A304C4}"
EndProject
Project("{FAE04EC0-301F-11D3-BF4B-00C04F79EFBC}") = "Venn.Controls", "..\Venn.Controls\Venn.Controls.csproj", "{42F8730A-8F40-487E-A190-A7BA578B61DE}"
EndProject
Global
	GlobalSection(SolutionConfigurationPlatforms) = preSolution
		Debug|Any CPU = Debug|Any CPU
		Release|Any CPU = Release|Any CPU
	EndGlobalSection
	GlobalSection(ProjectConfigurationPlatforms) = postSolution
		{3E915F0F-521E-40D5-A441-9BD243A304C4}.Debug|Any CPU.ActiveCfg = Debug|Any CPU
		{3E915F0F-521E-40D5-A441-9BD243A304C4}.Debug|Any CPU.Build.0 = Debug|Any CPU
		{3E915F0F-521E-40D5-A441-9BD243A304C4}.Release|Any CPU.ActiveCfg = Release|Any CPU
		{3E915F0F-521E-40D5-A441-9BD243A304C4}.Release|Any CPU.Build.0 = Release|Any CPU
		{42F8730A-8F40-487E-A190-A7BA578B61DE}.Debug|Any CPU.ActiveCfg = Debug|Any CPU
		{42F8730A-8F40-487E-A190-A7BA578B61DE}.Debug|Any CPU.Build.0 = Debug|Any CPU
		{42F8730A-8F40-487E-A190-A7BA578B61DE}.Release|Any CPU.ActiveCfg = Release|Any CPU
		{42F8730A-8F40-487E-A190-A7BA578B61DE}.Release|Any CPU.Build.0 = Release|Any CPU
	EndGlobalSection
	GlobalSection(SolutionProperties) = preSolution
		HideSolutionNode = FALSE
	EndGlobalSection
	GlobalSection(ExtensibilityGlobals) = postSolution
		SolutionGuid = {FE7FDFC4-BCD0-4718-8597-5C07923AF293}
	EndGlobalSection
EndGlobal
