
Microsoft Visual Studio Solution File, Format Version 12.00
# Visual Studio Version 17
VisualStudioVersion = 17.3.32922.545
MinimumVisualStudioVersion = 10.0.40219.1
Project("{2150E333-8FDC-42A3-9474-1A3956D46DE8}") = "Venn", "Venn", "{F8AE7906-2B7A-44E4-B029-1EE2B7B381A7}"
EndProject
Project("{9A19103F-16F7-4668-BE54-9A1E7A4F7556}") = "Venn", "Venn\Venn.csproj", "{858D3852-9BFB-4CC0-8C9B-D9CEC11DC8CA}"
EndProject
Global
	GlobalSection(SolutionConfigurationPlatforms) = preSolution
		Debug|Any CPU = Debug|Any CPU
		Release|Any CPU = Release|Any CPU
	EndGlobalSection
	GlobalSection(ProjectConfigurationPlatforms) = postSolution
		{858D3852-9BFB-4CC0-8C9B-D9CEC11DC8CA}.Debug|Any CPU.ActiveCfg = Debug|Any CPU
		{858D3852-9BFB-4CC0-8C9B-D9CEC11DC8CA}.Debug|Any CPU.Build.0 = Debug|Any CPU
		{858D3852-9BFB-4CC0-8C9B-D9CEC11DC8CA}.Release|Any CPU.ActiveCfg = Release|Any CPU
		{858D3852-9BFB-4CC0-8C9B-D9CEC11DC8CA}.Release|Any CPU.Build.0 = Release|Any CPU
	EndGlobalSection
	GlobalSection(SolutionProperties) = preSolution
		HideSolutionNode = FALSE
	EndGlobalSection
	GlobalSection(NestedProjects) = preSolution
		{858D3852-9BFB-4CC0-8C9B-D9CEC11DC8CA} = {F8AE7906-2B7A-44E4-B029-1EE2B7B381A7}
	EndGlobalSection
	GlobalSection(ExtensibilityGlobals) = postSolution
		SolutionGuid = {FE7FDFC4-BCD0-4718-8597-5C07923AF293}
	EndGlobalSection
EndGlobal
